
Microsoft Visual Studio Solution File, Format Version 11.00
# Visual Studio 2010
Project("{8BC9CEB8-8B4A-11D0-8D11-00A0C91BC942}") = "laba2", "laba2\laba2.vcxproj", "{5F408557-22B1-4415-BBD2-8D60D3FE4B91}"
EndProject
Global
	GlobalSection(SolutionConfigurationPlatforms) = preSolution
		Debug|Win32 = Debug|Win32
		Release|Win32 = Release|Win32
	EndGlobalSection
	GlobalSection(ProjectConfigurationPlatforms) = postSolution
		{5F408557-22B1-4415-BBD2-8D60D3FE4B91}.Debug|Win32.ActiveCfg = Debug|Win32
		{5F408557-22B1-4415-BBD2-8D60D3FE4B91}.Debug|Win32.Build.0 = Debug|Win32
		{5F408557-22B1-4415-BBD2-8D60D3FE4B91}.Release|Win32.ActiveCfg = Release|Win32
		{5F408557-22B1-4415-BBD2-8D60D3FE4B91}.Release|Win32.Build.0 = Release|Win32
	EndGlobalSection
	GlobalSection(SolutionProperties) = preSolution
		HideSolutionNode = FALSE
	EndGlobalSection
EndGlobal
